
Microsoft Visual Studio Solution File, Format Version 12.00
# Visual Studio 15
VisualStudioVersion = 15.0.26228.9
MinimumVisualStudioVersion = 10.0.40219.1
Project("{FAE04EC0-301F-11D3-BF4B-00C04F79EFBC}") = "Site.Web", "Site.Web\Site.Web.csproj", "{43039CE4-DACF-46DF-9950-6A0F19217F59}"
EndProject
Project("{FAE04EC0-301F-11D3-BF4B-00C04F79EFBC}") = "Site.Common", "Site.Common\Site.Common.csproj", "{611DA47E-8718-4549-B639-A4443FA54223}"
EndProject
Global
	GlobalSection(SolutionConfigurationPlatforms) = preSolution
		Debug|Any CPU = Debug|Any CPU
		Release|Any CPU = Release|Any CPU
	EndGlobalSection
	GlobalSection(ProjectConfigurationPlatforms) = postSolution
		{43039CE4-DACF-46DF-9950-6A0F19217F59}.Debug|Any CPU.ActiveCfg = Debug|Any CPU
		{43039CE4-DACF-46DF-9950-6A0F19217F59}.Debug|Any CPU.Build.0 = Debug|Any CPU
		{43039CE4-DACF-46DF-9950-6A0F19217F59}.Release|Any CPU.ActiveCfg = Release|Any CPU
		{43039CE4-DACF-46DF-9950-6A0F19217F59}.Release|Any CPU.Build.0 = Release|Any CPU
		{611DA47E-8718-4549-B639-A4443FA54223}.Debug|Any CPU.ActiveCfg = Debug|Any CPU
		{611DA47E-8718-4549-B639-A4443FA54223}.Debug|Any CPU.Build.0 = Debug|Any CPU
		{611DA47E-8718-4549-B639-A4443FA54223}.Release|Any CPU.ActiveCfg = Release|Any CPU
		{611DA47E-8718-4549-B639-A4443FA54223}.Release|Any CPU.Build.0 = Release|Any CPU
	EndGlobalSection
	GlobalSection(SolutionProperties) = preSolution
		HideSolutionNode = FALSE
	EndGlobalSection
EndGlobal
